<?xml version="1.0" encoding="utf-8"?>
<Project ToolsVersion="4.0" xmlns="http://schemas.microsoft.com/developer/msbuild/2003">
  <ItemGroup>
    <Filter Include="Source Files">
      <UniqueIdentifier>{4FC737F1-C7A5-4376-A066-2A32D752A2FF}</UniqueIdentifier>
      <Extensions>cpp;c;cxx;def;odl;idl;hpj;bat;asm;asmx</Extensions>
    </Filter>
    <Filter Include="Header Files">
      <UniqueIdentifier>{93995380-89BD-4b04-88EB-625FBE52EBFB}</UniqueIdentifier>
      <Extensions>h;hpp;hxx;hm;inl;inc;xsd</Extensions>
    </Filter>
    <Filter Include="Source Files\Entities">
      <UniqueIdentifier>{49f5bdd3-c6c6-4617-97fb-832842e2aa97}</UniqueIdentifier>
    </Filter>
    <Filter Include="Header Files\Entities">
      <UniqueIdentifier>{fb01f16e-bf68-402c-9ce5-66d925714c55}</UniqueIdentifier>
    </Filter>
  </ItemGroup>
  <ItemGroup>
    <ClCompile Include="cData.cpp">
      <Filter>Source Files</Filter>
    </ClCompile>
    <ClCompile Include="cGame.cpp">
      <Filter>Source Files</Filter>
    </ClCompile>
    <ClCompile Include="cScene.cpp">
      <Filter>Source Files</Filter>
    </ClCompile>
    <ClCompile Include="cTexture.cpp">
      <Filter>Source Files</Filter>
    </ClCompile>
    <ClCompile Include="GLUTMain.cpp">
      <Filter>Source Files</Filter>
    </ClCompile>
    <ClCompile Include="base64.cpp">
      <Filter>Source Files</Filter>
    </ClCompile>
    <ClCompile Include="TMXParser.cpp">
      <Filter>Source Files</Filter>
    </ClCompile>
    <ClCompile Include="stdafx.cpp">
      <Filter>Source Files</Filter>
    </ClCompile>
    <ClCompile Include="Tile.cpp">
      <Filter>Source Files</Filter>
    </ClCompile>
    <ClCompile Include="Animation.cpp">
      <Filter>Source Files</Filter>
    </ClCompile>
    <ClCompile Include="AnimationFrame.cpp">
      <Filter>Source Files</Filter>
    </ClCompile>
    <ClCompile Include="Boundary.cpp">
      <Filter>Source Files</Filter>
    </ClCompile>
    <ClCompile Include="cRect.cpp">
      <Filter>Source Files</Filter>
    </ClCompile>
    <ClCompile Include="Resources.cpp">
      <Filter>Source Files</Filter>
    </ClCompile>
    <ClCompile Include="Camera.cpp">
      <Filter>Source Files</Filter>
    </ClCompile>
    <ClCompile Include="Entity.cpp">
      <Filter>Source Files</Filter>
    </ClCompile>
    <ClCompile Include="PlayerController.cpp">
      <Filter>Source Files</Filter>
    </ClCompile>
    <ClCompile Include="cBicho.cpp">
      <Filter>Source Files\Entities</Filter>
    </ClCompile>
    <ClCompile Include="cEvilBird.cpp">
      <Filter>Source Files\Entities</Filter>
    </ClCompile>
    <ClCompile Include="cJumpingFrog.cpp">
      <Filter>Source Files\Entities</Filter>
    </ClCompile>
    <ClCompile Include="cPlayer.cpp">
      <Filter>Source Files\Entities</Filter>
    </ClCompile>
    <ClCompile Include="Gon.cpp">
      <Filter>Source Files\Entities</Filter>
    </ClCompile>
    <ClCompile Include="Killua.cpp">
      <Filter>Source Files\Entities</Filter>
    </ClCompile>
    <ClCompile Include="cOctopus.cpp">
      <Filter>Source Files\Entities</Filter>
    </ClCompile>
    <ClCompile Include="cFireBall.cpp">
      <Filter>Source Files\Entities</Filter>
    </ClCompile>
    <ClCompile Include="cGhost.cpp">
      <Filter>Source Files\Entities</Filter>
    </ClCompile>
    <ClCompile Include="cSound.cpp">
      <Filter>Source Files</Filter>
    </ClCompile>
    <ClCompile Include="cEvilFish.cpp">
      <Filter>Source Files\Entities</Filter>
    </ClCompile>
    <ClCompile Include="Hisoka.cpp">
      <Filter>Source Files\Entities</Filter>
    </ClCompile>
  </ItemGroup>
  <ItemGroup>
    <ClInclude Include="cData.h">
      <Filter>Header Files</Filter>
    </ClInclude>
    <ClInclude Include="cGame.h">
      <Filter>Header Files</Filter>
    </ClInclude>
    <ClInclude Include="cScene.h">
      <Filter>Header Files</Filter>
    </ClInclude>
    <ClInclude Include="cTexture.h">
      <Filter>Header Files</Filter>
    </ClInclude>
    <ClInclude Include="Globals.h">
      <Filter>Header Files</Filter>
    </ClInclude>
    <ClInclude Include="base64.h">
      <Filter>Header Files</Filter>
    </ClInclude>
    <ClInclude Include="TMXParser.h">
      <Filter>Header Files</Filter>
    </ClInclude>
    <ClInclude Include="stdafx.h">
      <Filter>Header Files</Filter>
    </ClInclude>
    <ClInclude Include="targetver.h">
      <Filter>Header Files</Filter>
    </ClInclude>
    <ClInclude Include="Tile.h">
      <Filter>Header Files</Filter>
    </ClInclude>
    <ClInclude Include="Animation.h">
      <Filter>Header Files</Filter>
    </ClInclude>
    <ClInclude Include="AnimationFrame.h">
      <Filter>Header Files</Filter>
    </ClInclude>
    <ClInclude Include="Boundary.h">
      <Filter>Header Files</Filter>
    </ClInclude>
    <ClInclude Include="cRect.h">
      <Filter>Header Files</Filter>
    </ClInclude>
    <ClInclude Include="Resources.h">
      <Filter>Header Files</Filter>
    </ClInclude>
    <ClInclude Include="Camera.h">
      <Filter>Header Files</Filter>
    </ClInclude>
    <ClInclude Include="Entity.h">
      <Filter>Header Files</Filter>
    </ClInclude>
    <ClInclude Include="PlayerController.h">
      <Filter>Header Files</Filter>
    </ClInclude>
    <ClInclude Include="cEvilBird.h">
      <Filter>Header Files\Entities</Filter>
    </ClInclude>
    <ClInclude Include="cBicho.h">
      <Filter>Header Files\Entities</Filter>
    </ClInclude>
    <ClInclude Include="cJumpingFrog.h">
      <Filter>Header Files\Entities</Filter>
    </ClInclude>
    <ClInclude Include="cPlayer.h">
      <Filter>Header Files\Entities</Filter>
    </ClInclude>
    <ClInclude Include="Gon.h">
      <Filter>Header Files\Entities</Filter>
    </ClInclude>
    <ClInclude Include="Killua.h">
      <Filter>Header Files\Entities</Filter>
    </ClInclude>
    <ClInclude Include="cOctopus.h">
      <Filter>Header Files\Entities</Filter>
    </ClInclude>
    <ClInclude Include="cFireBall.h">
      <Filter>Header Files\Entities</Filter>
    </ClInclude>
    <ClInclude Include="cGhost.h">
      <Filter>Header Files\Entities</Filter>
    </ClInclude>
    <ClInclude Include="cSound.h">
      <Filter>Header Files</Filter>
    </ClInclude>
    <ClInclude Include="cEvilFish.h">
      <Filter>Header Files\Entities</Filter>
    </ClInclude>
    <ClInclude Include="Hisoka.h">
      <Filter>Header Files\Entities</Filter>
    </ClInclude>
  </ItemGroup>
</Project>